Microsoft Visual Studio Solution File, Format Version 12.00
# Visual Studio Version 17
VisualStudioVersion = 17.5.2.0
MinimumVisualStudioVersion = 10.0.40219.1
Project("{FAE04EC0-301F-11D3-BF4B-00C04F79EFBC}") = "ExpenseSubmissionApp", "ExpenseSubmissionApp.csproj", "{548D4A60-E104-831A-85E0-66EA7FF7F354}"
EndProject
Global
	GlobalSection(SolutionConfigurationPlatforms) = preSolution
		Debug|Any CPU = Debug|Any CPU
		Release|Any CPU = Release|Any CPU
	EndGlobalSection
	GlobalSection(ProjectConfigurationPlatforms) = postSolution
		{548D4A60-E104-831A-85E0-66EA7FF7F354}.Debug|Any CPU.ActiveCfg = Debug|Any CPU
		{548D4A60-E104-831A-85E0-66EA7FF7F354}.Debug|Any CPU.Build.0 = Debug|Any CPU
		{548D4A60-E104-831A-85E0-66EA7FF7F354}.Release|Any CPU.ActiveCfg = Release|Any CPU
		{548D4A60-E104-831A-85E0-66EA7FF7F354}.Release|Any CPU.Build.0 = Release|Any CPU
	EndGlobalSection
	GlobalSection(SolutionProperties) = preSolution
		HideSolutionNode = FALSE
	EndGlobalSection
	GlobalSection(ExtensibilityGlobals) = postSolution
		SolutionGuid = {D924B695-EDAC-4B8D-AA4E-6252444E050C}
	EndGlobalSection
EndGlobal
